// !$*UTF8*$!
{
	archiveVersion = 1;
	classes = {
	};
	objectVersion = 52;
	objects = {

/* Begin PBXBuildFile section */
		6801D682257ADE4B00B339D2 /* AppDelegate.swift in Sources */ = {isa = PBXBuildFile; fileRef = 6801D681257ADE4B00B339D2 /* AppDelegate.swift */; };
		6801D686257ADE4B00B339D2 /* ViewController.swift in Sources */ = {isa = PBXBuildFile; fileRef = 6801D685257ADE4B00B339D2 /* ViewController.swift */; };
		6801D68B257ADE4D00B339D2 /* Assets.xcassets in Resources */ = {isa = PBXBuildFile; fileRef = 6801D68A257ADE4D00B339D2 /* Assets.xcassets */; };
		6801D68E257ADE4D00B339D2 /* LaunchScreen.storyboard in Resources */ = {isa = PBXBuildFile; fileRef = 6801D68C257ADE4D00B339D2 /* LaunchScreen.storyboard */; };
		680B02AF257B9EAD00936F42 /* Film.swift in Sources */ = {isa = PBXBuildFile; fileRef = 680B02AE257B9EAD00936F42 /* Film.swift */; };
		680B02B7257BA01900936F42 /* FilmCell.swift in Sources */ = {isa = PBXBuildFile; fileRef = 680B02B6257BA01900936F42 /* FilmCell.swift */; };
		680B02C0257BA66B00936F42 /* SnapKit in Frameworks */ = {isa = PBXBuildFile; productRef = 680B02BF257BA66B00936F42 /* SnapKit */; };
		68D90F68257BC22100D9893E /* JSON in Resources */ = {isa = PBXBuildFile; fileRef = 68D90F67257BC22100D9893E /* JSON */; };
		68D90F6D257BC29900D9893E /* Parser.swift in Sources */ = {isa = PBXBuildFile; fileRef = 68D90F6C257BC29900D9893E /* Parser.swift */; };
/* End PBXBuildFile section */

/* Begin PBXContainerItemProxy section */
		6801D695257ADE4D00B339D2 /* PBXContainerItemProxy */ = {
			isa = PBXContainerItemProxy;
			containerPortal = 6801D676257ADE4A00B339D2 /* Project object */;
			proxyType = 1;
			remoteGlobalIDString = 6801D67D257ADE4B00B339D2;
			remoteInfo = TestTask;
		};
		6801D6A0257ADE4D00B339D2 /* PBXContainerItemProxy */ = {
			isa = PBXContainerItemProxy;
			containerPortal = 6801D676257ADE4A00B339D2 /* Project object */;
			proxyType = 1;
			remoteGlobalIDString = 6801D67D257ADE4B00B339D2;
			remoteInfo = TestTask;
		};
/* End PBXContainerItemProxy section */

/* Begin PBXFileReference section */
		6801D67E257ADE4B00B339D2 /* TestTask.app */ = {isa = PBXFileReference; explicitFileType = wrapper.application; includeInIndex = 0; path = TestTask.app; sourceTree = BUILT_PRODUCTS_DIR; };
		6801D681257ADE4B00B339D2 /* AppDelegate.swift */ = {isa = PBXFileReference; lastKnownFileType = sourcecode.swift; path = AppDelegate.swift; sourceTree = "<group>"; };
		6801D685257ADE4B00B339D2 /* ViewController.swift */ = {isa = PBXFileReference; lastKnownFileType = sourcecode.swift; path = ViewController.swift; sourceTree = "<group>"; };
		6801D68A257ADE4D00B339D2 /* Assets.xcassets */ = {isa = PBXFileReference; lastKnownFileType = folder.assetcatalog; path = Assets.xcassets; sourceTree = "<group>"; };
		6801D68D257ADE4D00B339D2 /* Base */ = {isa = PBXFileReference; lastKnownFileType = file.storyboard; name = Base; path = Base.lproj/LaunchScreen.storyboard; sourceTree = "<group>"; };
		6801D68F257ADE4D00B339D2 /* Info.plist */ = {isa = PBXFileReference; lastKnownFileType = text.plist.xml; path = Info.plist; sourceTree = "<group>"; };
		6801D694257ADE4D00B339D2 /* TestTaskTests.xctest */ = {isa = PBXFileReference; explicitFileType = wrapper.cfbundle; includeInIndex = 0; path = TestTaskTests.xctest; sourceTree = BUILT_PRODUCTS_DIR; };
		6801D69F257ADE4D00B339D2 /* TestTaskUITests.xctest */ = {isa = PBXFileReference; explicitFileType = wrapper.cfbundle; includeInIndex = 0; path = TestTaskUITests.xctest; sourceTree = BUILT_PRODUCTS_DIR; };
		680B02AE257B9EAD00936F42 /* Film.swift */ = {isa = PBXFileReference; lastKnownFileType = sourcecode.swift; path = Film.swift; sourceTree = "<group>"; };
		680B02B6257BA01900936F42 /* FilmCell.swift */ = {isa = PBXFileReference; lastKnownFileType = sourcecode.swift; path = FilmCell.swift; sourceTree = "<group>"; };
		68D90F67257BC22100D9893E /* JSON */ = {isa = PBXFileReference; lastKnownFileType = text; path = JSON; sourceTree = "<group>"; };
		68D90F6C257BC29900D9893E /* Parser.swift */ = {isa = PBXFileReference; lastKnownFileType = sourcecode.swift; path = Parser.swift; sourceTree = "<group>"; };
/* End PBXFileReference section */

/* Begin PBXFrameworksBuildPhase section */
		6801D67B257ADE4B00B339D2 /* Frameworks */ = {
			isa = PBXFrameworksBuildPhase;
			buildActionMask = 2147483647;
			files = (
				680B02C0257BA66B00936F42 /* SnapKit in Frameworks */,
			);
			runOnlyForDeploymentPostprocessing = 0;
		};
		6801D691257ADE4D00B339D2 /* Frameworks */ = {
			isa = PBXFrameworksBuildPhase;
			buildActionMask = 2147483647;
			files = (
			);
			runOnlyForDeploymentPostprocessing = 0;
		};
		6801D69C257ADE4D00B339D2 /* Frameworks */ = {
			isa = PBXFrameworksBuildPhase;
			buildActionMask = 2147483647;
			files = (
			);
			runOnlyForDeploymentPostprocessing = 0;
		};
/* End PBXFrameworksBuildPhase section */

/* Begin PBXGroup section */
		6801D675257ADE4A00B339D2 = {
			isa = PBXGroup;
			children = (
				68D90F67257BC22100D9893E /* JSON */,
				6801D680257ADE4B00B339D2 /* TestTask */,
				6801D67F257ADE4B00B339D2 /* Products */,
			);
			sourceTree = "<group>";
		};
		6801D67F257ADE4B00B339D2 /* Products */ = {
			isa = PBXGroup;
			children = (
				6801D67E257ADE4B00B339D2 /* TestTask.app */,
				6801D694257ADE4D00B339D2 /* TestTaskTests.xctest */,
				6801D69F257ADE4D00B339D2 /* TestTaskUITests.xctest */,
			);
			name = Products;
			sourceTree = "<group>";
		};
		6801D680257ADE4B00B339D2 /* TestTask */ = {
			isa = PBXGroup;
			children = (
				6801D681257ADE4B00B339D2 /* AppDelegate.swift */,
				680B02C5257BB3CE00936F42 /* Model */,
				680B02C4257BB3BE00936F42 /* Cells */,
				680B02C6257BB3ED00936F42 /* Controllers */,
				6801D68A257ADE4D00B339D2 /* Assets.xcassets */,
				6801D68C257ADE4D00B339D2 /* LaunchScreen.storyboard */,
				6801D68F257ADE4D00B339D2 /* Info.plist */,
			);
			path = TestTask;
			sourceTree = "<group>";
		};
		680B02C4257BB3BE00936F42 /* Cells */ = {
			isa = PBXGroup;
			children = (
				680B02B6257BA01900936F42 /* FilmCell.swift */,
			);
			path = Cells;
			sourceTree = "<group>";
		};
		680B02C5257BB3CE00936F42 /* Model */ = {
			isa = PBXGroup;
			children = (
				680B02AE257B9EAD00936F42 /* Film.swift */,
			);
			path = Model;
			sourceTree = "<group>";
		};
		680B02C6257BB3ED00936F42 /* Controllers */ = {
			isa = PBXGroup;
			children = (
				6801D685257ADE4B00B339D2 /* ViewController.swift */,
				68D90F6C257BC29900D9893E /* Parser.swift */,
			);
			path = Controllers;
			sourceTree = "<group>";
		};
/* End PBXGroup section */

/* Begin PBXNativeTarget section */
		6801D67D257ADE4B00B339D2 /* TestTask */ = {
			isa = PBXNativeTarget;
			buildConfigurationList = 6801D6A8257ADE4D00B339D2 /* Build configuration list for PBXNativeTarget "TestTask" */;
			buildPhases = (
				6801D67A257ADE4B00B339D2 /* Sources */,
				6801D67B257ADE4B00B339D2 /* Frameworks */,
				6801D67C257ADE4B00B339D2 /* Resources */,
			);
			buildRules = (
			);
			dependencies = (
			);
			name = TestTask;
			packageProductDependencies = (
				680B02BF257BA66B00936F42 /* SnapKit */,
			);
			productName = TestTask;
			productReference = 6801D67E257ADE4B00B339D2 /* TestTask.app */;
			productType = "com.apple.product-type.application";
		};
		6801D693257ADE4D00B339D2 /* TestTaskTests */ = {
			isa = PBXNativeTarget;
			buildConfigurationList = 6801D6AB257ADE4D00B339D2 /* Build configuration list for PBXNativeTarget "TestTaskTests" */;
			buildPhases = (
				6801D690257ADE4D00B339D2 /* Sources */,
				6801D691257ADE4D00B339D2 /* Frameworks */,
				6801D692257ADE4D00B339D2 /* Resources */,
			);
			buildRules = (
			);
			dependencies = (
				6801D696257ADE4D00B339D2 /* PBXTargetDependency */,
			);
			name = TestTaskTests;
			productName = TestTaskTests;
			productReference = 6801D694257ADE4D00B339D2 /* TestTaskTests.xctest */;
			productType = "com.apple.product-type.bundle.unit-test";
		};
		6801D69E257ADE4D00B339D2 /* TestTaskUITests */ = {
			isa = PBXNativeTarget;
			buildConfigurationList = 6801D6AE257ADE4D00B339D2 /* Build configuration list for PBXNativeTarget "TestTaskUITests" */;
			buildPhases = (
				6801D69B257ADE4D00B339D2 /* Sources */,
				6801D69C257ADE4D00B339D2 /* Frameworks */,
				6801D69D257ADE4D00B339D2 /* Resources */,
			);
			buildRules = (
			);
			dependencies = (
				6801D6A1257ADE4D00B339D2 /* PBXTargetDependency */,
			);
			name = TestTaskUITests;
			productName = TestTaskUITests;
			productReference = 6801D69F257ADE4D00B339D2 /* TestTaskUITests.xctest */;
			productType = "com.apple.product-type.bundle.ui-testing";
		};
/* End PBXNativeTarget section */

/* Begin PBXProject section */
		6801D676257ADE4A00B339D2 /* Project object */ = {
			isa = PBXProject;
			attributes = {
				LastSwiftUpdateCheck = 1220;
				LastUpgradeCheck = 1220;
				TargetAttributes = {
					6801D67D257ADE4B00B339D2 = {
						CreatedOnToolsVersion = 12.2;
					};
					6801D693257ADE4D00B339D2 = {
						CreatedOnToolsVersion = 12.2;
						TestTargetID = 6801D67D257ADE4B00B339D2;
					};
					6801D69E257ADE4D00B339D2 = {
						CreatedOnToolsVersion = 12.2;
						TestTargetID = 6801D67D257ADE4B00B339D2;
					};
				};
			};
			buildConfigurationList = 6801D679257ADE4A00B339D2 /* Build configuration list for PBXProject "TestTask" */;
			compatibilityVersion = "Xcode 9.3";
			developmentRegion = en;
			hasScannedForEncodings = 0;
			knownRegions = (
				en,
				Base,
			);
			mainGroup = 6801D675257ADE4A00B339D2;
			packageReferences = (
				680B02BE257BA66B00936F42 /* XCRemoteSwiftPackageReference "SnapKit" */,
			);
			productRefGroup = 6801D67F257ADE4B00B339D2 /* Products */;
			projectDirPath = "";
			projectRoot = "";
			targets = (
				6801D67D257ADE4B00B339D2 /* TestTask */,
				6801D693257ADE4D00B339D2 /* TestTaskTests */,
				6801D69E257ADE4D00B339D2 /* TestTaskUITests */,
			);
		};
/* End PBXProject section */

/* Begin PBXResourcesBuildPhase section */
		6801D67C257ADE4B00B339D2 /* Resources */ = {
			isa = PBXResourcesBuildPhase;
			buildActionMask = 2147483647;
			files = (
				6801D68E257ADE4D00B339D2 /* LaunchScreen.storyboard in Resources */,
				6801D68B257ADE4D00B339D2 /* Assets.xcassets in Resources */,
				68D90F68257BC22100D9893E /* JSON in Resources */,
			);
			runOnlyForDeploymentPostprocessing = 0;
		};
		6801D692257ADE4D00B339D2 /* Resources */ = {
			isa = PBXResourcesBuildPhase;
			buildActionMask = 2147483647;
			files = (
			);
			runOnlyForDeploymentPostprocessing = 0;
		};
		6801D69D257ADE4D00B339D2 /* Resources */ = {
			isa = PBXResourcesBuildPhase;
			buildActionMask = 2147483647;
			files = (
			);
			runOnlyForDeploymentPostprocessing = 0;
		};
/* End PBXResourcesBuildPhase section */

/* Begin PBXSourcesBuildPhase section */
		6801D67A257ADE4B00B339D2 /* Sources */ = {
			isa = PBXSourcesBuildPhase;
			buildActionMask = 2147483647;
			files = (
				680B02AF257B9EAD00936F42 /* Film.swift in Sources */,
				680B02B7257BA01900936F42 /* FilmCell.swift in Sources */,
				68D90F6D257BC29900D9893E /* Parser.swift in Sources */,
				6801D686257ADE4B00B339D2 /* ViewController.swift in Sources */,
				6801D682257ADE4B00B339D2 /* AppDelegate.swift in Sources */,
			);
			runOnlyForDeploymentPostprocessing = 0;
		};
		6801D690257ADE4D00B339D2 /* Sources */ = {
			isa = PBXSourcesBuildPhase;
			buildActionMask = 2147483647;
			files = (
			);
			runOnlyForDeploymentPostprocessing = 0;
		};
		6801D69B257ADE4D00B339D2 /* Sources */ = {
			isa = PBXSourcesBuildPhase;
			buildActionMask = 2147483647;
			files = (
			);
			runOnlyForDeploymentPostprocessing = 0;
		};
/* End PBXSourcesBuildPhase section */

/* Begin PBXTargetDependency section */
		6801D696257ADE4D00B339D2 /* PBXTargetDependency */ = {
			isa = PBXTargetDependency;
			target = 6801D67D257ADE4B00B339D2 /* TestTask */;
			targetProxy = 6801D695257ADE4D00B339D2 /* PBXContainerItemProxy */;
		};
		6801D6A1257ADE4D00B339D2 /* PBXTargetDependency */ = {
			isa = PBXTargetDependency;
			target = 6801D67D257ADE4B00B339D2 /* TestTask */;
			targetProxy = 6801D6A0257ADE4D00B339D2 /* PBXContainerItemProxy */;
		};
/* End PBXTargetDependency section */

/* Begin PBXVariantGroup section */
		6801D68C257ADE4D00B339D2 /* LaunchScreen.storyboard */ = {
			isa = PBXVariantGroup;
			children = (
				6801D68D257ADE4D00B339D2 /* Base */,
			);
			name = LaunchScreen.storyboard;
			sourceTree = "<group>";
		};
/* End PBXVariantGroup section */

/* Begin XCBuildConfiguration section */
		6801D6A6257ADE4D00B339D2 /* Debug */ = {
			isa = XCBuildConfiguration;
			buildSettings = {
				ALWAYS_SEARCH_USER_PATHS = NO;
				CLANG_ANALYZER_NONNULL = YES;
				CLANG_ANALYZER_NUMBER_OBJECT_CONVERSION = YES_AGGRESSIVE;
				CLANG_CXX_LANGUAGE_STANDARD = "gnu++14";
				CLANG_CXX_LIBRARY = "libc++";
				CLANG_ENABLE_MODULES = YES;
				CLANG_ENABLE_OBJC_ARC = YES;
				CLANG_ENABLE_OBJC_WEAK = YES;
				CLANG_WARN_BLOCK_CAPTURE_AUTORELEASING = YES;
				CLANG_WARN_BOOL_CONVERSION = YES;
				CLANG_WARN_COMMA = YES;
				CLANG_WARN_CONSTANT_CONVERSION = YES;
				CLANG_WARN_DEPRECATED_OBJC_IMPLEMENTATIONS = YES;
				CLANG_WARN_DIRECT_OBJC_ISA_USAGE = YES_ERROR;
				CLANG_WARN_DOCUMENTATION_COMMENTS = YES;
				CLANG_WARN_EMPTY_BODY = YES;
				CLANG_WARN_ENUM_CONVERSION = YES;
				CLANG_WARN_INFINITE_RECURSION = YES;
				CLANG_WARN_INT_CONVERSION = YES;
				CLANG_WARN_NON_LITERAL_NULL_CONVERSION = YES;
				CLANG_WARN_OBJC_IMPLICIT_RETAIN_SELF = YES;
				CLANG_WARN_OBJC_LITERAL_CONVERSION = YES;
				CLANG_WARN_OBJC_ROOT_CLASS = YES_ERROR;
				CLANG_WARN_QUOTED_INCLUDE_IN_FRAMEWORK_HEADER = YES;
				CLANG_WARN_RANGE_LOOP_ANALYSIS = YES;
				CLANG_WARN_STRICT_PROTOTYPES = YES;
				CLANG_WARN_SUSPICIOUS_MOVE = YES;
				CLANG_WARN_UNGUARDED_AVAILABILITY = YES_AGGRESSIVE;
				CLANG_WARN_UNREACHABLE_CODE = YES;
				CLANG_WARN__DUPLICATE_METHOD_MATCH = YES;
				COPY_PHASE_STRIP = NO;
				DEBUG_INFORMATION_FORMAT = dwarf;
				ENABLE_STRICT_OBJC_MSGSEND = YES;
				ENABLE_TESTABILITY = YES;
				GCC_C_LANGUAGE_STANDARD = gnu11;
				GCC_DYNAMIC_NO_PIC = NO;
				GCC_NO_COMMON_BLOCKS = YES;
				GCC_OPTIMIZATION_LEVEL = 0;
				GCC_PREPROCESSOR_DEFINITIONS = (
					"DEBUG=1",
					"$(inherited)",
				);
				GCC_WARN_64_TO_32_BIT_CONVERSION = YES;
				GCC_WARN_ABOUT_RETURN_TYPE = YES_ERROR;
				GCC_WARN_UNDECLARED_SELECTOR = YES;
				GCC_WARN_UNINITIALIZED_AUTOS = YES_AGGRESSIVE;
				GCC_WARN_UNUSED_FUNCTION = YES;
				GCC_WARN_UNUSED_VARIABLE = YES;
				IPHONEOS_DEPLOYMENT_TARGET = 14.2;
				MTL_ENABLE_DEBUG_INFO = INCLUDE_SOURCE;
				MTL_FAST_MATH = YES;
				ONLY_ACTIVE_ARCH = YES;
				SDKROOT = iphoneos;
				SWIFT_ACTIVE_COMPILATION_CONDITIONS = DEBUG;
				SWIFT_OPTIMIZATION_LEVEL = "-Onone";
			};
			name = Debug;
		};
		6801D6A7257ADE4D00B339D2 /* Release */ = {
			isa = XCBuildConfiguration;
			buildSettings = {
				ALWAYS_SEARCH_USER_PATHS = NO;
				CLANG_ANALYZER_NONNULL = YES;
				CLANG_ANALYZER_NUMBER_OBJECT_CONVERSION = YES_AGGRESSIVE;
				CLANG_CXX_LANGUAGE_STANDARD = "gnu++14";
				CLANG_CXX_LIBRARY = "libc++";
				CLANG_ENABLE_MODULES = YES;
				CLANG_ENABLE_OBJC_ARC = YES;
				CLANG_ENABLE_OBJC_WEAK = YES;
				CLANG_WARN_BLOCK_CAPTURE_AUTORELEASING = YES;
				CLANG_WARN_BOOL_CONVERSION = YES;
				CLANG_WARN_COMMA = YES;
				CLANG_WARN_CONSTANT_CONVERSION = YES;
				CLANG_WARN_DEPRECATED_OBJC_IMPLEMENTATIONS = YES;
				CLANG_WARN_DIRECT_OBJC_ISA_USAGE = YES_ERROR;
				CLANG_WARN_DOCUMENTATION_COMMENTS = YES;
				CLANG_WARN_EMPTY_BODY = YES;
				CLANG_WARN_ENUM_CONVERSION = YES;
				CLANG_WARN_INFINITE_RECURSION = YES;
				CLANG_WARN_INT_CONVERSION = YES;
				CLANG_WARN_NON_LITERAL_NULL_CONVERSION = YES;
				CLANG_WARN_OBJC_IMPLICIT_RETAIN_SELF = YES;
				CLANG_WARN_OBJC_LITERAL_CONVERSION = YES;
				CLANG_WARN_OBJC_ROOT_CLASS = YES_ERROR;
				CLANG_WARN_QUOTED_INCLUDE_IN_FRAMEWORK_HEADER = YES;
				CLANG_WARN_RANGE_LOOP_ANALYSIS = YES;
				CLANG_WARN_STRICT_PROTOTYPES = YES;
				CLANG_WARN_SUSPICIOUS_MOVE = YES;
				CLANG_WARN_UNGUARDED_AVAILABILITY = YES_AGGRESSIVE;
				CLANG_WARN_UNREACHABLE_CODE = YES;
				CLANG_WARN__DUPLICATE_METHOD_MATCH = YES;
				COPY_PHASE_STRIP = NO;
				DEBUG_INFORMATION_FORMAT = "dwarf-with-dsym";
				ENABLE_NS_ASSERTIONS = NO;
				ENABLE_STRICT_OBJC_MSGSEND = YES;
				GCC_C_LANGUAGE_STANDARD = gnu11;
				GCC_NO_COMMON_BLOCKS = YES;
				GCC_WARN_64_TO_32_BIT_CONVERSION = YES;
				GCC_WARN_ABOUT_RETURN_TYPE = YES_ERROR;
				GCC_WARN_UNDECLARED_SELECTOR = YES;
				GCC_WARN_UNINITIALIZED_AUTOS = YES_AGGRESSIVE;
				GCC_WARN_UNUSED_FUNCTION = YES;
				GCC_WARN_UNUSED_VARIABLE = YES;
				IPHONEOS_DEPLOYMENT_TARGET = 14.2;
				MTL_ENABLE_DEBUG_INFO = NO;
				MTL_FAST_MATH = YES;
				SDKROOT = iphoneos;
				SWIFT_COMPILATION_MODE = wholemodule;
				SWIFT_OPTIMIZATION_LEVEL = "-O";
				VALIDATE_PRODUCT = YES;
			};
			name = Release;
		};
		6801D6A9257ADE4D00B339D2 /* Debug */ = {
			isa = XCBuildConfiguration;
			buildSettings = {
				ASSETCATALOG_COMPILER_APPICON_NAME = AppIcon;
				ASSETCATALOG_COMPILER_GLOBAL_ACCENT_COLOR_NAME = AccentColor;
				CODE_SIGN_STYLE = Automatic;
				DEVELOPMENT_TEAM = 9N7X892L27;
				INFOPLIST_FILE = TestTask/Info.plist;
				LD_RUNPATH_SEARCH_PATHS = (
					"$(inherited)",
					"@executable_path/Frameworks",
				);
				PRODUCT_BUNDLE_IDENTIFIER = eyankovich.TestTask;
				PRODUCT_NAME = "$(TARGET_NAME)";
				SWIFT_VERSION = 5.0;
				TARGETED_DEVICE_FAMILY = "1,2";
			};
			name = Debug;
		};
		6801D6AA257ADE4D00B339D2 /* Release */ = {
			isa = XCBuildConfiguration;
			buildSettings = {
				ASSETCATALOG_COMPILER_APPICON_NAME = AppIcon;
				ASSETCATALOG_COMPILER_GLOBAL_ACCENT_COLOR_NAME = AccentColor;
				CODE_SIGN_STYLE = Automatic;
				DEVELOPMENT_TEAM = 9N7X892L27;
				INFOPLIST_FILE = TestTask/Info.plist;
				LD_RUNPATH_SEARCH_PATHS = (
					"$(inherited)",
					"@executable_path/Frameworks",
				);
				PRODUCT_BUNDLE_IDENTIFIER = eyankovich.TestTask;
				PRODUCT_NAME = "$(TARGET_NAME)";
				SWIFT_VERSION = 5.0;
				TARGETED_DEVICE_FAMILY = "1,2";
			};
			name = Release;
		};
		6801D6AC257ADE4D00B339D2 /* Debug */ = {
			isa = XCBuildConfiguration;
			buildSettings = {
				ALWAYS_EMBED_SWIFT_STANDARD_LIBRARIES = YES;
				BUNDLE_LOADER = "$(TEST_HOST)";
				CODE_SIGN_STYLE = Automatic;
				DEVELOPMENT_TEAM = 9N7X892L27;
				INFOPLIST_FILE = TestTaskTests/Info.plist;
				IPHONEOS_DEPLOYMENT_TARGET = 14.2;
				LD_RUNPATH_SEARCH_PATHS = (
					"$(inherited)",
					"@executable_path/Frameworks",
					"@loader_path/Frameworks",
				);
				PRODUCT_BUNDLE_IDENTIFIER = eyankovich.TestTaskTests;
				PRODUCT_NAME = "$(TARGET_NAME)";
				SWIFT_VERSION = 5.0;
				TARGETED_DEVICE_FAMILY = "1,2";
				TEST_HOST = "$(BUILT_PRODUCTS_DIR)/TestTask.app/TestTask";
			};
			name = Debug;
		};
		6801D6AD257ADE4D00B339D2 /* Release */ = {
			isa = XCBuildConfiguration;
			buildSettings = {
				ALWAYS_EMBED_SWIFT_STANDARD_LIBRARIES = YES;
				BUNDLE_LOADER = "$(TEST_HOST)";
				CODE_SIGN_STYLE = Automatic;
				DEVELOPMENT_TEAM = 9N7X892L27;
				INFOPLIST_FILE = TestTaskTests/Info.plist;
				IPHONEOS_DEPLOYMENT_TARGET = 14.2;
				LD_RUNPATH_SEARCH_PATHS = (
					"$(inherited)",
					"@executable_path/Frameworks",
					"@loader_path/Frameworks",
				);
				PRODUCT_BUNDLE_IDENTIFIER = eyankovich.TestTaskTests;
				PRODUCT_NAME = "$(TARGET_NAME)";
				SWIFT_VERSION = 5.0;
				TARGETED_DEVICE_FAMILY = "1,2";
				TEST_HOST = "$(BUILT_PRODUCTS_DIR)/TestTask.app/TestTask";
			};
			name = Release;
		};
		6801D6AF257ADE4D00B339D2 /* Debug */ = {
			isa = XCBuildConfiguration;
			buildSettings = {
				ALWAYS_EMBED_SWIFT_STANDARD_LIBRARIES = YES;
				CODE_SIGN_STYLE = Automatic;
				DEVELOPMENT_TEAM = 9N7X892L27;
				INFOPLIST_FILE = TestTaskUITests/Info.plist;
				LD_RUNPATH_SEARCH_PATHS = (
					"$(inherited)",
					"@executable_path/Frameworks",
					"@loader_path/Frameworks",
				);
				PRODUCT_BUNDLE_IDENTIFIER = eyankovich.TestTaskUITests;
				PRODUCT_NAME = "$(TARGET_NAME)";
				SWIFT_VERSION = 5.0;
				TARGETED_DEVICE_FAMILY = "1,2";
				TEST_TARGET_NAME = TestTask;
			};
			name = Debug;
		};
		6801D6B0257ADE4D00B339D2 /* Release */ = {
			isa = XCBuildConfiguration;
			buildSettings = {
				ALWAYS_EMBED_SWIFT_STANDARD_LIBRARIES = YES;
				CODE_SIGN_STYLE = Automatic;
				DEVELOPMENT_TEAM = 9N7X892L27;
				INFOPLIST_FILE = TestTaskUITests/Info.plist;
				LD_RUNPATH_SEARCH_PATHS = (
					"$(inherited)",
					"@executable_path/Frameworks",
					"@loader_path/Frameworks",
				);
				PRODUCT_BUNDLE_IDENTIFIER = eyankovich.TestTaskUITests;
				PRODUCT_NAME = "$(TARGET_NAME)";
				SWIFT_VERSION = 5.0;
				TARGETED_DEVICE_FAMILY = "1,2";
				TEST_TARGET_NAME = TestTask;
			};
			name = Release;
		};
/* End XCBuildConfiguration section */

/* Begin XCConfigurationList section */
		6801D679257ADE4A00B339D2 /* Build configuration list for PBXProject "TestTask" */ = {
			isa = XCConfigurationList;
			buildConfigurations = (
				6801D6A6257ADE4D00B339D2 /* Debug */,
				6801D6A7257ADE4D00B339D2 /* Release */,
			);
			defaultConfigurationIsVisible = 0;
			defaultConfigurationName = Release;
		};
		6801D6A8257ADE4D00B339D2 /* Build configuration list for PBXNativeTarget "TestTask" */ = {
			isa = XCConfigurationList;
			buildConfigurations = (
				6801D6A9257ADE4D00B339D2 /* Debug */,
				6801D6AA257ADE4D00B339D2 /* Release */,
			);
			defaultConfigurationIsVisible = 0;
			defaultConfigurationName = Release;
		};
		6801D6AB257ADE4D00B339D2 /* Build configuration list for PBXNativeTarget "TestTaskTests" */ = {
			isa = XCConfigurationList;
			buildConfigurations = (
				6801D6AC257ADE4D00B339D2 /* Debug */,
				6801D6AD257ADE4D00B339D2 /* Release */,
			);
			defaultConfigurationIsVisible = 0;
			defaultConfigurationName = Release;
		};
		6801D6AE257ADE4D00B339D2 /* Build configuration list for PBXNativeTarget "TestTaskUITests" */ = {
			isa = XCConfigurationList;
			buildConfigurations = (
				6801D6AF257ADE4D00B339D2 /* Debug */,
				6801D6B0257ADE4D00B339D2 /* Release */,
			);
			defaultConfigurationIsVisible = 0;
			defaultConfigurationName = Release;
		};
/* End XCConfigurationList section */

/* Begin XCRemoteSwiftPackageReference section */
		680B02BE257BA66B00936F42 /* XCRemoteSwiftPackageReference "SnapKit" */ = {
			isa = XCRemoteSwiftPackageReference;
			repositoryURL = "https://github.com/SnapKit/SnapKit";
			requirement = {
				kind = upToNextMajorVersion;
				minimumVersion = 5.0.1;
			};
		};
/* End XCRemoteSwiftPackageReference section */

/* Begin XCSwiftPackageProductDependency section */
		680B02BF257BA66B00936F42 /* SnapKit */ = {
			isa = XCSwiftPackageProductDependency;
			package = 680B02BE257BA66B00936F42 /* XCRemoteSwiftPackageReference "SnapKit" */;
			productName = SnapKit;
		};
/* End XCSwiftPackageProductDependency section */
	};
	rootObject = 6801D676257ADE4A00B339D2 /* Project object */;
}
